
Microsoft Visual Studio Solution File, Format Version 12.00
# Visual Studio 2012
Project("{FAE04EC0-301F-11D3-BF4B-00C04F79EFBC}") = "Graph", "Graph\Graph.csproj", "{7724E2BF-DA85-43EE-8F0E-9C5F22B17EFD}"
EndProject
Project("{FAE04EC0-301F-11D3-BF4B-00C04F79EFBC}") = "GraphTest", "GraphTest\GraphTest.csproj", "{4EA73246-5A94-4126-A2BF-089F4636376A}"
EndProject
Global
	GlobalSection(SolutionConfigurationPlatforms) = preSolution
		Debug|Any CPU = Debug|Any CPU
		Release|Any CPU = Release|Any CPU
	EndGlobalSection
	GlobalSection(ProjectConfigurationPlatforms) = postSolution
		{7724E2BF-DA85-43EE-8F0E-9C5F22B17EFD}.Debug|Any CPU.ActiveCfg = Debug|Any CPU
		{7724E2BF-DA85-43EE-8F0E-9C5F22B17EFD}.Debug|Any CPU.Build.0 = Debug|Any CPU
		{7724E2BF-DA85-43EE-8F0E-9C5F22B17EFD}.Release|Any CPU.ActiveCfg = Release|Any CPU
		{7724E2BF-DA85-43EE-8F0E-9C5F22B17EFD}.Release|Any CPU.Build.0 = Release|Any CPU
		{4EA73246-5A94-4126-A2BF-089F4636376A}.Debug|Any CPU.ActiveCfg = Debug|Any CPU
		{4EA73246-5A94-4126-A2BF-089F4636376A}.Debug|Any CPU.Build.0 = Debug|Any CPU
		{4EA73246-5A94-4126-A2BF-089F4636376A}.Release|Any CPU.ActiveCfg = Release|Any CPU
		{4EA73246-5A94-4126-A2BF-089F4636376A}.Release|Any CPU.Build.0 = Release|Any CPU
	EndGlobalSection
	GlobalSection(SolutionProperties) = preSolution
		HideSolutionNode = FALSE
	EndGlobalSection
	GlobalSection(Performance) = preSolution
		HasPerformanceSessions = true
	EndGlobalSection
EndGlobal
